# This file is autogenerated, do not edit; changes may be undone by the next 'dep ensure'.


[[projects]]
  branch = "master"
  name = "gonum.org/v1/gonum"
  packages = ["blas","blas/blas64","blas/gonum","floats","internal/asm/c128","internal/asm/f32","internal/asm/f64","internal/math32","lapack","lapack/gonum","lapack/lapack64","mat"]
  revision = "fa42c6938b722528f62b3f534f0c854ec5f69cb6"

[solve-meta]
  analyzer-name = "dep"
  analyzer-version = 1
  inputs-digest = "8730063de4d3c6f8aea16c6942d2dc5ec1fd94534338afe9865bdc954b0a3041"
  solver-name = "gps-cdcl"
  solver-version = 1
